
Microsoft Visual Studio Solution File, Format Version 12.00
# Visual Studio Version 16
VisualStudioVersion = 16.0.31205.134
MinimumVisualStudioVersion = 10.0.40219.1
Project("{FAE04EC0-301F-11D3-BF4B-00C04F79EFBC}") = "homework 6.2", "homework 6.2.csproj", "{03236A23-CD51-4091-AFFB-4712245F7BB9}"
EndProject
Global
	GlobalSection(SolutionConfigurationPlatforms) = preSolution
		Debug|Any CPU = Debug|Any CPU
		Release|Any CPU = Release|Any CPU
	EndGlobalSection
	GlobalSection(ProjectConfigurationPlatforms) = postSolution
		{03236A23-CD51-4091-AFFB-4712245F7BB9}.Debug|Any CPU.ActiveCfg = Debug|Any CPU
		{03236A23-CD51-4091-AFFB-4712245F7BB9}.Debug|Any CPU.Build.0 = Debug|Any CPU
		{03236A23-CD51-4091-AFFB-4712245F7BB9}.Release|Any CPU.ActiveCfg = Release|Any CPU
		{03236A23-CD51-4091-AFFB-4712245F7BB9}.Release|Any CPU.Build.0 = Release|Any CPU
	EndGlobalSection
	GlobalSection(SolutionProperties) = preSolution
		HideSolutionNode = FALSE
	EndGlobalSection
	GlobalSection(ExtensibilityGlobals) = postSolution
		SolutionGuid = {6802940E-21D7-46E1-9A3D-359269876C9D}
	EndGlobalSection
EndGlobal
